# manifest.lock — GENERATED by tools/updater. Do not hand-edit.
minecraft: "26.2"
fabric:
    loader: 0.19.3
    installer: 1.1.1
mods:
    - slug: fabric-api
      version: 0.153.0+26.2
      filename: fabric-api-0.153.0+26.2.jar
      url: https://cdn.modrinth.com/data/P7dR8mSH/versions/M8Kbv865/fabric-api-0.153.0%2B26.2.jar
      sha512: 27f3cb9dd81ab5371a38f9bf01c4504f197def7fadc6443c0ed4bd6c7a129bbac433179e5033e47aad00aafc9dc99f52edf3ab6232e1fb8aafd11a555893385c
    - slug: lithium
      version: mc26.2-0.25.0-fabric
      filename: lithium-fabric-0.25.0+mc26.2.jar
      url: https://cdn.modrinth.com/data/gvQqBUqZ/versions/x1OEDMlF/lithium-fabric-0.25.0%2Bmc26.2.jar
      sha512: 15027c279850999667cee29510e4491c01d17f121604c51dd9736a5b835dee6303183fdde63637b3dd666de3b28082b1818cacd6a047fee35fced49807b5eacf
    - slug: ferrite-core
      version: 9.0.0-fabric
      filename: ferritecore-9.0.0-fabric.jar
      url: https://cdn.modrinth.com/data/uXXizFIs/versions/d5ddUdiB/ferritecore-9.0.0-fabric.jar
      sha512: d81fa97e11784c19d42f89c2f433831d007603dd7193cee45fa177e4a6a9c52b384b198586e04a0f7f63cd996fed713322578bde9a8db57e1188854ae5cbe584
    - slug: servux
      version: 0.11.1
      filename: servux-fabric-26.2-0.11.1.jar
      url: https://cdn.modrinth.com/data/zQhsx8KF/versions/LJbDtH2B/servux-fabric-26.2-0.11.1.jar
      sha512: 6ccc5cea50f062f283665c26101508364f66175221cee18259f044dcd42722d5332f8490f1a1c8b1c49990b013667d297de3ef31be56bee7e650d90073924017
    - slug: clickvillagers
      version: 1.6.6+26.2-fabric
      filename: ClickVillagers-1.6.6+26.2-fabric.jar
      url: https://cdn.modrinth.com/data/BITzwT7B/versions/W76SNUH7/ClickVillagers-1.6.6%2B26.2-fabric.jar
      sha512: f324e2b1c3c27af9d7659421f347c8000fc6d0411065a98f3cd8031acc863629f6a32aeca8e04bced01f416a849449bbb6de107947d857a5b7adcfd6eab60370
    - slug: carpet
      version: "26.2"
      filename: fabric-carpet-26.2+v260616.jar
      url: https://cdn.modrinth.com/data/TQTTVgYE/versions/bGrLxJ8v/fabric-carpet-26.2%2Bv260616.jar
      sha512: 8b8fac6979bd3153f5cfb4faa6bab52e1357eab814492a6658f3c0e1ac2856ad37a626c0a03a0839c39abb7bf56661f77b09d05d10ac01173bcdd373a33c6265
vanillatweaks:
    version: "26.2"
    datapacks:
        - name: afk display
          category: Informative
          version: 1.1.17
        - name: anti enderman grief
          category: Gameplay Changes
          version: 1.1.17
        - name: armor statues
          category: Decorative/Cosmetic
          version: 2.8.23
        - name: armored elytra
          category: Gameplay Changes
          version: 2.0.11
        - name: cauldron concrete
          category: Convenience
          version: 3.1.1
        - name: cauldron mud
          category: Convenience
          version: 1.0.10
        - name: custom villager shops
          category: Admin Tools
          version: 1.2.17
        - name: double shulker shells
          category: Convenience
          version: 1.3.17
        - name: durability ping
          category: Informative
          version: 1.1.18
        - name: fast leaf decay
          category: Convenience
          version: 2.0.22
        - name: kill empty boats
          category: Admin Tools
          version: 1.1.18
        - name: more effective tools
          category: Convenience
          version: 1.0.11
        - name: multiplayer sleep
          category: Convenience
          version: 2.6.17
        - name: name colors
          category: Decorative/Cosmetic
          version: 1.0.15
        - name: painting picker
          category: Convenience
          version: 1.1.4
        - name: player head drops
          category: Decorative/Cosmetic
          version: 1.1.17
        - name: silence mobs
          category: Decorative/Cosmetic
          version: 1.2.11
        - name: spectator conduit power
          category: Convenience
          version: 1.1.17
        - name: spectator night vision
          category: Convenience
          version: 1.1.17
        - name: storm channeling
          category: Convenience
          version: 1.0.9
        - name: timber
          category: Convenience
          version: 2.1.20
        - name: unlock all recipes
          category: Convenience
          version: 2.0.18
        - name: xp bottling
          category: Gameplay Changes
          version: 1.1.18
    craftingtweaks:
        - name: back to blocks
          category: Quality of Life
          version: 1.2.16
        - name: blackstone cobblestone
          category: Quality of Life
          version: 1.0.16
        - name: charcoal to black dye
          category: Quality of Life
          version: 2.0.16
        - name: coal to black dye
          category: Quality of Life
          version: 2.0.16
        - name: copper powered rails
          category: Quality of Life
          version: 1.0.7
        - name: craftable coral blocks 2x2
          category: Craftables
          version: 1.0.15
        - name: craftable gravel
          category: Craftables
          version: 1.0.15
        - name: craftable notch apples
          category: Craftables
          version: 1.0.15
        - name: dropper to dispenser
          category: Quality of Life
          version: 1.1.16
        - name: powder to glass
          category: Quality of Life
          version: 1.0.15
        - name: rotten flesh to leather
          category: Quality of Life
          version: 1.0.15
        - name: sandstone dyeing
          category: Quality of Life
          version: 1.0.15
        - name: straight to shapeless
          category: Quality of Life
          version: 1.0.15
        - name: universal dyeing
          category: Quality of Life
          version: 1.3.14
        - name: unpackable ice
          category: Unpackables
          version: 1.0.15
        - name: unpackable nether wart
          category: Unpackables
          version: 1.0.15
        - name: unpackable wool
          category: Unpackables
          version: 1.0.15
