# manifest.lock — GENERATED by tools/updater. Do not hand-edit.
minecraft: 1.21.11
fabric:
    loader: 0.18.4
    installer: 1.1.1
mods:
    - slug: fabric-api
      version: 0.141.4+1.21.11
      filename: fabric-api-0.141.4+1.21.11.jar
      url: https://cdn.modrinth.com/data/P7dR8mSH/versions/5zJNhXV2/fabric-api-0.141.4%2B1.21.11.jar
      sha512: c092d48c6453bec3264f80f6a35bb334aba3112b5cd6c0e0b2676ce4d81e702cb1e522337f3a732348e757cc2226da3c601a314ae8766334f16af71a13bcc98d
    - slug: lithium
      version: mc1.21.11-0.21.4-fabric
      filename: lithium-fabric-0.21.4+mc1.21.11.jar
      url: https://cdn.modrinth.com/data/gvQqBUqZ/versions/Ow7wA0kG/lithium-fabric-0.21.4%2Bmc1.21.11.jar
      sha512: f14a5c3d2fad786347ca25083f902139694f618b7c103947f2fd067a7c5ee88a63e1ef8926f7d693ea79ed7d00f57317bae77ef9c2d630bf5ed01ac97a752b94
    - slug: ferrite-core
      version: 8.2.0-fabric
      filename: ferritecore-8.2.0-fabric.jar
      url: https://cdn.modrinth.com/data/uXXizFIs/versions/Ii0gP3D8/ferritecore-8.2.0-fabric.jar
      sha512: 3210926a82eb32efd9bcebabe2f6c053daf5c4337eebc6d5bacba96d283510afbde646e7e195751de795ec70a2ea44fef77cb54bf22c8e57bb832d6217418869
    - slug: servux
      version: 0.9.4
      filename: servux-fabric-1.21.11-0.9.4.jar
      url: https://cdn.modrinth.com/data/zQhsx8KF/versions/OsZuWfG0/servux-fabric-1.21.11-0.9.4.jar
      sha512: 4accfe8e63f2e3a8f470395cc01064f69d685f9c5b00d9a8c9975b9994769a1a1459832f745613762f6de489d4a2afe7cc881da69f43171ee83709b5bf414f39
    - slug: clickvillagers
      version: 1.6.6+1.21.11-fabric
      filename: ClickVillagers-1.6.6+1.21.11-fabric.jar
      url: https://cdn.modrinth.com/data/BITzwT7B/versions/6mH5Xg7N/ClickVillagers-1.6.6%2B1.21.11-fabric.jar
      sha512: 8e1c8ee9606448c14478d186c41ae18233fb1bebf5ad1910f4ee2aec19e154662657082a8092345111b2881a8b95c1d68463ae28da62a474adaf82285a67267e
    - slug: carpet
      version: 1.4.194
      filename: fabric-carpet-1.21.11-1.4.194+v251223.jar
      url: https://cdn.modrinth.com/data/TQTTVgYE/versions/HzPcczDK/fabric-carpet-1.21.11-1.4.194%2Bv251223.jar
      sha512: 1135807e44b34a628c89674a4df94d617120aea932c24c7d4a375410103884e94713b4252d29035d1722d149cc65465afef24eafbfc476c51bc64b6fffff57e0
vanillatweaks:
    version: "1.21"
    datapacks:
        - name: afk display
          category: Informative
          version: 1.1.15
        - name: anti enderman grief
          category: Gameplay Changes
          version: 1.1.15
        - name: armor statues
          category: Decorative/Cosmetic
          version: 2.8.21
        - name: armored elytra
          category: Gameplay Changes
          version: 2.0.9
        - name: cauldron concrete
          category: Convenience
          version: 3.0.10
        - name: cauldron mud
          category: Convenience
          version: 1.0.8
        - name: custom villager shops
          category: Admin Tools
          version: 1.2.15
        - name: double shulker shells
          category: Convenience
          version: 1.3.15
        - name: durability ping
          category: Informative
          version: 1.1.16
        - name: fast leaf decay
          category: Convenience
          version: 2.0.20
        - name: kill empty boats
          category: Admin Tools
          version: 1.1.16
        - name: more effective tools
          category: Convenience
          version: 1.0.9
        - name: multiplayer sleep
          category: Convenience
          version: 2.6.15
        - name: name colors
          category: Decorative/Cosmetic
          version: 1.0.13
        - name: painting picker
          category: Convenience
          version: 1.1.2
        - name: player head drops
          category: Decorative/Cosmetic
          version: 1.1.15
        - name: silence mobs
          category: Decorative/Cosmetic
          version: 1.2.9
        - name: spectator conduit power
          category: Convenience
          version: 1.1.15
        - name: spectator night vision
          category: Convenience
          version: 1.1.15
        - name: storm channeling
          category: Convenience
          version: 1.0.7
        - name: timber
          category: Convenience
          version: 2.1.18
        - name: unlock all recipes
          category: Convenience
          version: 2.0.16
        - name: xp bottling
          category: Gameplay Changes
          version: 1.1.16
    craftingtweaks:
        - name: back to blocks
          category: Quality of Life
          version: 1.2.14
        - name: blackstone cobblestone
          category: Quality of Life
          version: 1.0.14
        - name: charcoal to black dye
          category: Quality of Life
          version: 2.0.14
        - name: coal to black dye
          category: Quality of Life
          version: 2.0.14
        - name: copper powered rails
          category: Quality of Life
          version: 1.0.5
        - name: craftable coral blocks 2x2
          category: Craftables
          version: 1.0.13
        - name: craftable gravel
          category: Craftables
          version: 1.0.13
        - name: craftable notch apples
          category: Craftables
          version: 1.0.13
        - name: dropper to dispenser
          category: Quality of Life
          version: 1.1.14
        - name: powder to glass
          category: Quality of Life
          version: 1.0.13
        - name: rotten flesh to leather
          category: Quality of Life
          version: 1.0.13
        - name: sandstone dyeing
          category: Quality of Life
          version: 1.0.13
        - name: straight to shapeless
          category: Quality of Life
          version: 1.0.13
        - name: universal dyeing
          category: Quality of Life
          version: 1.3.12
        - name: unpackable ice
          category: Unpackables
          version: 1.0.13
        - name: unpackable nether wart
          category: Unpackables
          version: 1.0.13
        - name: unpackable wool
          category: Unpackables
          version: 1.0.13
