# manifest.lock — GENERATED by tools/updater. Do not hand-edit.
minecraft: "26.3"
fabric:
    loader: 0.19.5
    installer: 1.1.2
mods:
    - slug: fabric-api
      version: 0.161.0+26.3
      filename: fabric-api-0.161.0+26.3.jar
      url: https://cdn.modrinth.com/data/P7dR8mSH/versions/bNnaTiuM/fabric-api-0.161.0%2B26.3.jar
      sha512: ed6b2586d6fde11fde8472f5a527c51e99b67026e46f94d4bfd85e7e28ce5ee299173ee16ad576ceb51f39f98d30a811086a6deb1a86a524859cc16e12da109d
    - slug: lithium
      version: mc26.3-0.26.2-fabric
      filename: lithium-fabric-0.26.2+mc26.3.jar
      url: https://cdn.modrinth.com/data/gvQqBUqZ/versions/xS0Q8LSi/lithium-fabric-0.26.2%2Bmc26.3.jar
      sha512: 4d7fee66132eedc71feab9390b92c95d7058edbdad0fecfac1d836a2950b97a7ca463afbede61c7ef361ce65e1f927ab9e89dde5bf2e0e0ce486afb5c5dbee40
    - slug: ferrite-core
      version: 9.0.0-fabric
      filename: ferritecore-9.0.0-fabric.jar
      url: https://cdn.modrinth.com/data/uXXizFIs/versions/d5ddUdiB/ferritecore-9.0.0-fabric.jar
      sha512: d81fa97e11784c19d42f89c2f433831d007603dd7193cee45fa177e4a6a9c52b384b198586e04a0f7f63cd996fed713322578bde9a8db57e1188854ae5cbe584
    - slug: servux
      version: 0.12.2
      filename: servux-fabric-26.3-0.12.2.jar
      url: https://cdn.modrinth.com/data/zQhsx8KF/versions/azA4UG3T/servux-fabric-26.3-0.12.2.jar
      sha512: ea630371c61502b2787fbdfc3c94f6bf218c7ca20e1579682af4122e431c538f8b11d239acb16f79203fa1d1d8e6d8479673e28d1432effa843729c0280208bc
    - slug: clickvillagers
      version: 1.6.7+26.3-fabric
      filename: ClickVillagers-1.6.7+26.3-fabric.jar
      url: https://cdn.modrinth.com/data/BITzwT7B/versions/cBWjtfYp/ClickVillagers-1.6.7%2B26.3-fabric.jar
      sha512: ac3de2f9b1e9d5ad513b81df1137d069cedc2c7acc582832eab247a72662c5f226f16fe1e6e4bcdd4b1baf8fc9e2086427e8c5b12d10327b15b08bd187fbcaae
    - slug: carpet
      version: "26.3"
      filename: fabric-carpet-26.3+v260915.jar
      url: https://cdn.modrinth.com/data/TQTTVgYE/versions/yt9oDFOj/fabric-carpet-26.3%2Bv260915.jar
      sha512: 7a479ba69eb5049cb94365d5044bd58c9f970c50b3484861fe3675f1917f7c99c1b1f50a5e01bdd9ded940d76a995539009a3656e05be2f513f20ec14de991a7
vanillatweaks:
    version: "26.3"
    datapacks:
        - name: afk display
          category: Informative
          version: 1.1.18
        - name: anti enderman grief
          category: Gameplay Changes
          version: 1.1.18
        - name: armor statues
          category: Decorative/Cosmetic
          version: 2.8.24
        - name: armored elytra
          category: Gameplay Changes
          version: 2.0.12
        - name: cauldron concrete
          category: Convenience
          version: 3.1.2
        - name: cauldron mud
          category: Convenience
          version: 1.0.11
        - name: custom villager shops
          category: Admin Tools
          version: 1.2.18
        - name: double shulker shells
          category: Convenience
          version: 1.3.18
        - name: durability ping
          category: Informative
          version: 1.1.19
        - name: fast leaf decay
          category: Convenience
          version: 2.0.23
        - name: kill empty boats
          category: Admin Tools
          version: 1.1.19
        - name: more effective tools
          category: Convenience
          version: 1.0.12
        - name: multiplayer sleep
          category: Convenience
          version: 2.6.18
        - name: name colors
          category: Decorative/Cosmetic
          version: 1.0.16
        - name: painting picker
          category: Convenience
          version: 1.1.5
        - name: player head drops
          category: Decorative/Cosmetic
          version: 1.1.18
        - name: silence mobs
          category: Decorative/Cosmetic
          version: 1.2.12
        - name: spectator conduit power
          category: Convenience
          version: 1.1.18
        - name: spectator night vision
          category: Convenience
          version: 1.1.18
        - name: storm channeling
          category: Convenience
          version: 1.0.10
        - name: timber
          category: Convenience
          version: 2.1.22
        - name: unlock all recipes
          category: Convenience
          version: 2.0.19
        - name: xp bottling
          category: Gameplay Changes
          version: 1.1.19
    craftingtweaks:
        - name: back to blocks
          category: Quality of Life
          version: 1.2.18
        - name: blackstone cobblestone
          category: Quality of Life
          version: 1.0.17
        - name: charcoal to black dye
          category: Quality of Life
          version: 2.0.17
        - name: coal to black dye
          category: Quality of Life
          version: 2.0.17
        - name: copper powered rails
          category: Quality of Life
          version: 1.0.8
        - name: craftable coral blocks 2x2
          category: Craftables
          version: 1.0.16
        - name: craftable gravel
          category: Craftables
          version: 1.0.16
        - name: craftable notch apples
          category: Craftables
          version: 1.0.16
        - name: dropper to dispenser
          category: Quality of Life
          version: 1.1.17
        - name: powder to glass
          category: Quality of Life
          version: 1.0.16
        - name: rotten flesh to leather
          category: Quality of Life
          version: 1.0.16
        - name: sandstone dyeing
          category: Quality of Life
          version: 1.0.16
        - name: straight to shapeless
          category: Quality of Life
          version: 1.0.16
        - name: universal dyeing
          category: Quality of Life
          version: 1.3.15
        - name: unpackable ice
          category: Unpackables
          version: 1.0.16
        - name: unpackable nether wart
          category: Unpackables
          version: 1.0.16
        - name: unpackable wool
          category: Unpackables
          version: 1.0.16
